// !$*UTF8*$!
{
	archiveVersion = 1;
	classes = {
	};
	objectVersion = 46;
	objects = {

/* Begin PBXBuildFile section */
		833C1D8F19417011009AE471 /* Foundation.framework in Frameworks */ = {isa = PBXBuildFile; fileRef = 833C1D8E19417011009AE471 /* Foundation.framework */; };
		833C1D9119417011009AE471 /* CoreGraphics.framework in Frameworks */ = {isa = PBXBuildFile; fileRef = 833C1D9019417011009AE471 /* CoreGraphics.framework */; };
		833C1D9319417011009AE471 /* UIKit.framework in Frameworks */ = {isa = PBXBuildFile; fileRef = 833C1D9219417011009AE471 /* UIKit.framework */; };
		833C1D9519417011009AE471 /* CoreData.framework in Frameworks */ = {isa = PBXBuildFile; fileRef = 833C1D9419417011009AE471 /* CoreData.framework */; };
		833C1D9B19417011009AE471 /* InfoPlist.strings in Resources */ = {isa = PBXBuildFile; fileRef = 833C1D9919417011009AE471 /* InfoPlist.strings */; };
		833C1D9D19417011009AE471 /* main.m in Sources */ = {isa = PBXBuildFile; fileRef = 833C1D9C19417011009AE471 /* main.m */; };
		833C1DA119417011009AE471 /* AppDelegate.m in Sources */ = {isa = PBXBuildFile; fileRef = 833C1DA019417011009AE471 /* AppDelegate.m */; };
		833C1DA419417011009AE471 /* Main.storyboard in Resources */ = {isa = PBXBuildFile; fileRef = 833C1DA219417011009AE471 /* Main.storyboard */; };
		833C1DA719417011009AE471 /* ControllingSource.xcdatamodeld in Sources */ = {isa = PBXBuildFile; fileRef = 833C1DA519417011009AE471 /* ControllingSource.xcdatamodeld */; };
		833C1DAA19417011009AE471 /* MasterViewController.m in Sources */ = {isa = PBXBuildFile; fileRef = 833C1DA919417011009AE471 /* MasterViewController.m */; };
		833C1DAD19417011009AE471 /* DetailViewController.m in Sources */ = {isa = PBXBuildFile; fileRef = 833C1DAC19417011009AE471 /* DetailViewController.m */; };
		833C1DAF19417011009AE471 /* Images.xcassets in Resources */ = {isa = PBXBuildFile; fileRef = 833C1DAE19417011009AE471 /* Images.xcassets */; };
		833C1DB619417011009AE471 /* XCTest.framework in Frameworks */ = {isa = PBXBuildFile; fileRef = 833C1DB519417011009AE471 /* XCTest.framework */; };
		833C1DB719417011009AE471 /* Foundation.framework in Frameworks */ = {isa = PBXBuildFile; fileRef = 833C1D8E19417011009AE471 /* Foundation.framework */; };
		833C1DB819417011009AE471 /* UIKit.framework in Frameworks */ = {isa = PBXBuildFile; fileRef = 833C1D9219417011009AE471 /* UIKit.framework */; };
		833C1DB919417011009AE471 /* CoreData.framework in Frameworks */ = {isa = PBXBuildFile; fileRef = 833C1D9419417011009AE471 /* CoreData.framework */; };
		833C1DC119417011009AE471 /* InfoPlist.strings in Resources */ = {isa = PBXBuildFile; fileRef = 833C1DBF19417011009AE471 /* InfoPlist.strings */; };
		833C1DC319417011009AE471 /* ControllingSourceTests.m in Sources */ = {isa = PBXBuildFile; fileRef = 833C1DC219417011009AE471 /* ControllingSourceTests.m */; };
/* End PBXBuildFile section */

/* Begin PBXContainerItemProxy section */
		833C1DBA19417011009AE471 /* PBXContainerItemProxy */ = {
			isa = PBXContainerItemProxy;
			containerPortal = 833C1D8319417011009AE471 /* Project object */;
			proxyType = 1;
			remoteGlobalIDString = 833C1D8A19417011009AE471;
			remoteInfo = ControllingSource;
		};
/* End PBXContainerItemProxy section */

/* Begin PBXFileReference section */
		833C1D8B19417011009AE471 /* ControllingSource.app */ = {isa = PBXFileReference; explicitFileType = wrapper.application; includeInIndex = 0; path = ControllingSource.app; sourceTree = BUILT_PRODUCTS_DIR; };
		833C1D8E19417011009AE471 /* Foundation.framework */ = {isa = PBXFileReference; lastKnownFileType = wrapper.framework; name = Foundation.framework; path = System/Library/Frameworks/Foundation.framework; sourceTree = SDKROOT; };
		833C1D9019417011009AE471 /* CoreGraphics.framework */ = {isa = PBXFileReference; lastKnownFileType = wrapper.framework; name = CoreGraphics.framework; path = System/Library/Frameworks/CoreGraphics.framework; sourceTree = SDKROOT; };
		833C1D9219417011009AE471 /* UIKit.framework */ = {isa = PBXFileReference; lastKnownFileType = wrapper.framework; name = UIKit.framework; path = System/Library/Frameworks/UIKit.framework; sourceTree = SDKROOT; };
		833C1D9419417011009AE471 /* CoreData.framework */ = {isa = PBXFileReference; lastKnownFileType = wrapper.framework; name = CoreData.framework; path = System/Library/Frameworks/CoreData.framework; sourceTree = SDKROOT; };
		833C1D9819417011009AE471 /* ControllingSource-Info.plist */ = {isa = PBXFileReference; lastKnownFileType = text.plist.xml; path = "ControllingSource-Info.plist"; sourceTree = "<group>"; };
		833C1D9A19417011009AE471 /* en */ = {isa = PBXFileReference; lastKnownFileType = text.plist.strings; name = en; path = en.lproj/InfoPlist.strings; sourceTree = "<group>"; };
		833C1D9C19417011009AE471 /* main.m */ = {isa = PBXFileReference; lastKnownFileType = sourcecode.c.objc; path = main.m; sourceTree = "<group>"; };
		833C1D9E19417011009AE471 /* ControllingSource-Prefix.pch */ = {isa = PBXFileReference; lastKnownFileType = sourcecode.c.h; path = "ControllingSource-Prefix.pch"; sourceTree = "<group>"; };
		833C1D9F19417011009AE471 /* AppDelegate.h */ = {isa = PBXFileReference; lastKnownFileType = sourcecode.c.h; path = AppDelegate.h; sourceTree = "<group>"; };
		833C1DA019417011009AE471 /* AppDelegate.m */ = {isa = PBXFileReference; lastKnownFileType = sourcecode.c.objc; path = AppDelegate.m; sourceTree = "<group>"; };
		833C1DA319417011009AE471 /* Base */ = {isa = PBXFileReference; lastKnownFileType = file.storyboard; name = Base; path = Base.lproj/Main.storyboard; sourceTree = "<group>"; };
		833C1DA619417011009AE471 /* ControllingSource.xcdatamodel */ = {isa = PBXFileReference; lastKnownFileType = wrapper.xcdatamodel; path = ControllingSource.xcdatamodel; sourceTree = "<group>"; };
		833C1DA819417011009AE471 /* MasterViewController.h */ = {isa = PBXFileReference; lastKnownFileType = sourcecode.c.h; path = MasterViewController.h; sourceTree = "<group>"; };
		833C1DA919417011009AE471 /* MasterViewController.m */ = {isa = PBXFileReference; lastKnownFileType = sourcecode.c.objc; path = MasterViewController.m; sourceTree = "<group>"; };
		833C1DAB19417011009AE471 /* DetailViewController.h */ = {isa = PBXFileReference; lastKnownFileType = sourcecode.c.h; path = DetailViewController.h; sourceTree = "<group>"; };
		833C1DAC19417011009AE471 /* DetailViewController.m */ = {isa = PBXFileReference; lastKnownFileType = sourcecode.c.objc; path = DetailViewController.m; sourceTree = "<group>"; };
		833C1DAE19417011009AE471 /* Images.xcassets */ = {isa = PBXFileReference; lastKnownFileType = folder.assetcatalog; path = Images.xcassets; sourceTree = "<group>"; };
		833C1DB419417011009AE471 /* ControllingSourceTests.xctest */ = {isa = PBXFileReference; explicitFileType = wrapper.cfbundle; includeInIndex = 0; path = ControllingSourceTests.xctest; sourceTree = BUILT_PRODUCTS_DIR; };
		833C1DB519417011009AE471 /* XCTest.framework */ = {isa = PBXFileReference; lastKnownFileType = wrapper.framework; name = XCTest.framework; path = Library/Frameworks/XCTest.framework; sourceTree = DEVELOPER_DIR; };
		833C1DBE19417011009AE471 /* ControllingSourceTests-Info.plist */ = {isa = PBXFileReference; lastKnownFileType = text.plist.xml; path = "ControllingSourceTests-Info.plist"; sourceTree = "<group>"; };
		833C1DC019417011009AE471 /* en */ = {isa = PBXFileReference; lastKnownFileType = text.plist.strings; name = en; path = en.lproj/InfoPlist.strings; sourceTree = "<group>"; };
		833C1DC219417011009AE471 /* ControllingSourceTests.m */ = {isa = PBXFileReference; lastKnownFileType = sourcecode.c.objc; path = ControllingSourceTests.m; sourceTree = "<group>"; };
/* End PBXFileReference section */

/* Begin PBXFrameworksBuildPhase section */
		833C1D8819417011009AE471 /* Frameworks */ = {
			isa = PBXFrameworksBuildPhase;
			buildActionMask = 2147483647;
			files = (
				833C1D9119417011009AE471 /* CoreGraphics.framework in Frameworks */,
				833C1D9519417011009AE471 /* CoreData.framework in Frameworks */,
				833C1D9319417011009AE471 /* UIKit.framework in Frameworks */,
				833C1D8F19417011009AE471 /* Foundation.framework in Frameworks */,
			);
			runOnlyForDeploymentPostprocessing = 0;
		};
		833C1DB119417011009AE471 /* Frameworks */ = {
			isa = PBXFrameworksBuildPhase;
			buildActionMask = 2147483647;
			files = (
				833C1DB619417011009AE471 /* XCTest.framework in Frameworks */,
				833C1DB919417011009AE471 /* CoreData.framework in Frameworks */,
				833C1DB819417011009AE471 /* UIKit.framework in Frameworks */,
				833C1DB719417011009AE471 /* Foundation.framework in Frameworks */,
			);
			runOnlyForDeploymentPostprocessing = 0;
		};
/* End PBXFrameworksBuildPhase section */

/* Begin PBXGroup section */
		833C1D8219417011009AE471 = {
			isa = PBXGroup;
			children = (
				833C1D9619417011009AE471 /* ControllingSource */,
				833C1DBC19417011009AE471 /* ControllingSourceTests */,
				833C1D8D19417011009AE471 /* Frameworks */,
				833C1D8C19417011009AE471 /* Products */,
			);
			sourceTree = "<group>";
		};
		833C1D8C19417011009AE471 /* Products */ = {
			isa = PBXGroup;
			children = (
				833C1D8B19417011009AE471 /* ControllingSource.app */,
				833C1DB419417011009AE471 /* ControllingSourceTests.xctest */,
			);
			name = Products;
			sourceTree = "<group>";
		};
		833C1D8D19417011009AE471 /* Frameworks */ = {
			isa = PBXGroup;
			children = (
				833C1D8E19417011009AE471 /* Foundation.framework */,
				833C1D9019417011009AE471 /* CoreGraphics.framework */,
				833C1D9219417011009AE471 /* UIKit.framework */,
				833C1D9419417011009AE471 /* CoreData.framework */,
				833C1DB519417011009AE471 /* XCTest.framework */,
			);
			name = Frameworks;
			sourceTree = "<group>";
		};
		833C1D9619417011009AE471 /* ControllingSource */ = {
			isa = PBXGroup;
			children = (
				833C1D9F19417011009AE471 /* AppDelegate.h */,
				833C1DA019417011009AE471 /* AppDelegate.m */,
				83ED4EF11941965B00C1E309 /* Resources */,
				83ED4EF0194195FF00C1E309 /* ViewController */,
				833C1D9719417011009AE471 /* Supporting Files */,
			);
			path = ControllingSource;
			sourceTree = "<group>";
		};
		833C1D9719417011009AE471 /* Supporting Files */ = {
			isa = PBXGroup;
			children = (
				833C1D9819417011009AE471 /* ControllingSource-Info.plist */,
				833C1D9919417011009AE471 /* InfoPlist.strings */,
				833C1D9C19417011009AE471 /* main.m */,
				833C1D9E19417011009AE471 /* ControllingSource-Prefix.pch */,
			);
			name = "Supporting Files";
			sourceTree = "<group>";
		};
		833C1DBC19417011009AE471 /* ControllingSourceTests */ = {
			isa = PBXGroup;
			children = (
				833C1DC219417011009AE471 /* ControllingSourceTests.m */,
				833C1DBD19417011009AE471 /* Supporting Files */,
			);
			path = ControllingSourceTests;
			sourceTree = "<group>";
		};
		833C1DBD19417011009AE471 /* Supporting Files */ = {
			isa = PBXGroup;
			children = (
				833C1DBE19417011009AE471 /* ControllingSourceTests-Info.plist */,
				833C1DBF19417011009AE471 /* InfoPlist.strings */,
			);
			name = "Supporting Files";
			sourceTree = "<group>";
		};
		83ED4EF0194195FF00C1E309 /* ViewController */ = {
			isa = PBXGroup;
			children = (
				833C1DA819417011009AE471 /* MasterViewController.h */,
				833C1DA919417011009AE471 /* MasterViewController.m */,
				833C1DAB19417011009AE471 /* DetailViewController.h */,
				833C1DAC19417011009AE471 /* DetailViewController.m */,
			);
			name = ViewController;
			sourceTree = "<group>";
		};
		83ED4EF11941965B00C1E309 /* Resources */ = {
			isa = PBXGroup;
			children = (
				833C1DA219417011009AE471 /* Main.storyboard */,
				833C1DAE19417011009AE471 /* Images.xcassets */,
				833C1DA519417011009AE471 /* ControllingSource.xcdatamodeld */,
			);
			name = Resources;
			sourceTree = "<group>";
		};
/* End PBXGroup section */

/* Begin PBXNativeTarget section */
		833C1D8A19417011009AE471 /* ControllingSource */ = {
			isa = PBXNativeTarget;
			buildConfigurationList = 833C1DC619417011009AE471 /* Build configuration list for PBXNativeTarget "ControllingSource" */;
			buildPhases = (
				833C1D8719417011009AE471 /* Sources */,
				833C1D8819417011009AE471 /* Frameworks */,
				833C1D8919417011009AE471 /* Resources */,
			);
			buildRules = (
			);
			dependencies = (
			);
			name = ControllingSource;
			productName = ControllingSource;
			productReference = 833C1D8B19417011009AE471 /* ControllingSource.app */;
			productType = "com.apple.product-type.application";
		};
		833C1DB319417011009AE471 /* ControllingSourceTests */ = {
			isa = PBXNativeTarget;
			buildConfigurationList = 833C1DC919417011009AE471 /* Build configuration list for PBXNativeTarget "ControllingSourceTests" */;
			buildPhases = (
				833C1DB019417011009AE471 /* Sources */,
				833C1DB119417011009AE471 /* Frameworks */,
				833C1DB219417011009AE471 /* Resources */,
			);
			buildRules = (
			);
			dependencies = (
				833C1DBB19417011009AE471 /* PBXTargetDependency */,
			);
			name = ControllingSourceTests;
			productName = ControllingSourceTests;
			productReference = 833C1DB419417011009AE471 /* ControllingSourceTests.xctest */;
			productType = "com.apple.product-type.bundle.unit-test";
		};
/* End PBXNativeTarget section */

/* Begin PBXProject section */
		833C1D8319417011009AE471 /* Project object */ = {
			isa = PBXProject;
			attributes = {
				LastUpgradeCheck = 0510;
				ORGANIZATIONNAME = Chris;
				TargetAttributes = {
					833C1DB319417011009AE471 = {
						TestTargetID = 833C1D8A19417011009AE471;
					};
				};
			};
			buildConfigurationList = 833C1D8619417011009AE471 /* Build configuration list for PBXProject "ControllingSource" */;
			compatibilityVersion = "Xcode 3.2";
			developmentRegion = English;
			hasScannedForEncodings = 0;
			knownRegions = (
				en,
				Base,
			);
			mainGroup = 833C1D8219417011009AE471;
			productRefGroup = 833C1D8C19417011009AE471 /* Products */;
			projectDirPath = "";
			projectRoot = "";
			targets = (
				833C1D8A19417011009AE471 /* ControllingSource */,
				833C1DB319417011009AE471 /* ControllingSourceTests */,
			);
		};
/* End PBXProject section */

/* Begin PBXResourcesBuildPhase section */
		833C1D8919417011009AE471 /* Resources */ = {
			isa = PBXResourcesBuildPhase;
			buildActionMask = 2147483647;
			files = (
				833C1DAF19417011009AE471 /* Images.xcassets in Resources */,
				833C1D9B19417011009AE471 /* InfoPlist.strings in Resources */,
				833C1DA419417011009AE471 /* Main.storyboard in Resources */,
			);
			runOnlyForDeploymentPostprocessing = 0;
		};
		833C1DB219417011009AE471 /* Resources */ = {
			isa = PBXResourcesBuildPhase;
			buildActionMask = 2147483647;
			files = (
				833C1DC119417011009AE471 /* InfoPlist.strings in Resources */,
			);
			runOnlyForDeploymentPostprocessing = 0;
		};
/* End PBXResourcesBuildPhase section */

/* Begin PBXSourcesBuildPhase section */
		833C1D8719417011009AE471 /* Sources */ = {
			isa = PBXSourcesBuildPhase;
			buildActionMask = 2147483647;
			files = (
				833C1DAD19417011009AE471 /* DetailViewController.m in Sources */,
				833C1DAA19417011009AE471 /* MasterViewController.m in Sources */,
				833C1DA719417011009AE471 /* ControllingSource.xcdatamodeld in Sources */,
				833C1DA119417011009AE471 /* AppDelegate.m in Sources */,
				833C1D9D19417011009AE471 /* main.m in Sources */,
			);
			runOnlyForDeploymentPostprocessing = 0;
		};
		833C1DB019417011009AE471 /* Sources */ = {
			isa = PBXSourcesBuildPhase;
			buildActionMask = 2147483647;
			files = (
				833C1DC319417011009AE471 /* ControllingSourceTests.m in Sources */,
			);
			runOnlyForDeploymentPostprocessing = 0;
		};
/* End PBXSourcesBuildPhase section */

/* Begin PBXTargetDependency section */
		833C1DBB19417011009AE471 /* PBXTargetDependency */ = {
			isa = PBXTargetDependency;
			target = 833C1D8A19417011009AE471 /* ControllingSource */;
			targetProxy = 833C1DBA19417011009AE471 /* PBXContainerItemProxy */;
		};
/* End PBXTargetDependency section */

/* Begin PBXVariantGroup section */
		833C1D9919417011009AE471 /* InfoPlist.strings */ = {
			isa = PBXVariantGroup;
			children = (
				833C1D9A19417011009AE471 /* en */,
			);
			name = InfoPlist.strings;
			sourceTree = "<group>";
		};
		833C1DA219417011009AE471 /* Main.storyboard */ = {
			isa = PBXVariantGroup;
			children = (
				833C1DA319417011009AE471 /* Base */,
			);
			name = Main.storyboard;
			sourceTree = "<group>";
		};
		833C1DBF19417011009AE471 /* InfoPlist.strings */ = {
			isa = PBXVariantGroup;
			children = (
				833C1DC019417011009AE471 /* en */,
			);
			name = InfoPlist.strings;
			sourceTree = "<group>";
		};
/* End PBXVariantGroup section */

/* Begin XCBuildConfiguration section */
		833C1DC419417011009AE471 /* Debug */ = {
			isa = XCBuildConfiguration;
			buildSettings = {
				ALWAYS_SEARCH_USER_PATHS = NO;
				CLANG_CXX_LANGUAGE_STANDARD = "gnu++0x";
				CLANG_CXX_LIBRARY = "libc++";
				CLANG_ENABLE_MODULES = YES;
				CLANG_ENABLE_OBJC_ARC = YES;
				CLANG_WARN_BOOL_CONVERSION = YES;
				CLANG_WARN_CONSTANT_CONVERSION = YES;
				CLANG_WARN_DIRECT_OBJC_ISA_USAGE = YES_ERROR;
				CLANG_WARN_EMPTY_BODY = YES;
				CLANG_WARN_ENUM_CONVERSION = YES;
				CLANG_WARN_INT_CONVERSION = YES;
				CLANG_WARN_OBJC_ROOT_CLASS = YES_ERROR;
				CLANG_WARN__DUPLICATE_METHOD_MATCH = YES;
				"CODE_SIGN_IDENTITY[sdk=iphoneos*]" = "iPhone Developer";
				COPY_PHASE_STRIP = NO;
				GCC_C_LANGUAGE_STANDARD = gnu99;
				GCC_DYNAMIC_NO_PIC = NO;
				GCC_OPTIMIZATION_LEVEL = 0;
				GCC_PREPROCESSOR_DEFINITIONS = (
					"DEBUG=1",
					"$(inherited)",
				);
				GCC_SYMBOLS_PRIVATE_EXTERN = NO;
				GCC_WARN_64_TO_32_BIT_CONVERSION = YES;
				GCC_WARN_ABOUT_RETURN_TYPE = YES_ERROR;
				GCC_WARN_UNDECLARED_SELECTOR = YES;
				GCC_WARN_UNINITIALIZED_AUTOS = YES_AGGRESSIVE;
				GCC_WARN_UNUSED_FUNCTION = YES;
				GCC_WARN_UNUSED_VARIABLE = YES;
				IPHONEOS_DEPLOYMENT_TARGET = 7.1;
				ONLY_ACTIVE_ARCH = YES;
				SDKROOT = iphoneos;
			};
			name = Debug;
		};
		833C1DC519417011009AE471 /* Release */ = {
			isa = XCBuildConfiguration;
			buildSettings = {
				ALWAYS_SEARCH_USER_PATHS = NO;
				CLANG_CXX_LANGUAGE_STANDARD = "gnu++0x";
				CLANG_CXX_LIBRARY = "libc++";
				CLANG_ENABLE_MODULES = YES;
				CLANG_ENABLE_OBJC_ARC = YES;
				CLANG_WARN_BOOL_CONVERSION = YES;
				CLANG_WARN_CONSTANT_CONVERSION = YES;
				CLANG_WARN_DIRECT_OBJC_ISA_USAGE = YES_ERROR;
				CLANG_WARN_EMPTY_BODY = YES;
				CLANG_WARN_ENUM_CONVERSION = YES;
				CLANG_WARN_INT_CONVERSION = YES;
				CLANG_WARN_OBJC_ROOT_CLASS = YES_ERROR;
				CLANG_WARN__DUPLICATE_METHOD_MATCH = YES;
				"CODE_SIGN_IDENTITY[sdk=iphoneos*]" = "iPhone Developer";
				COPY_PHASE_STRIP = YES;
				ENABLE_NS_ASSERTIONS = NO;
				GCC_C_LANGUAGE_STANDARD = gnu99;
				GCC_WARN_64_TO_32_BIT_CONVERSION = YES;
				GCC_WARN_ABOUT_RETURN_TYPE = YES_ERROR;
				GCC_WARN_UNDECLARED_SELECTOR = YES;
				GCC_WARN_UNINITIALIZED_AUTOS = YES_AGGRESSIVE;
				GCC_WARN_UNUSED_FUNCTION = YES;
				GCC_WARN_UNUSED_VARIABLE = YES;
				IPHONEOS_DEPLOYMENT_TARGET = 7.1;
				SDKROOT = iphoneos;
				VALIDATE_PRODUCT = YES;
			};
			name = Release;
		};
		833C1DC719417011009AE471 /* Debug */ = {
			isa = XCBuildConfiguration;
			buildSettings = {
				ASSETCATALOG_COMPILER_APPICON_NAME = AppIcon;
				ASSETCATALOG_COMPILER_LAUNCHIMAGE_NAME = LaunchImage;
				GCC_PRECOMPILE_PREFIX_HEADER = YES;
				GCC_PREFIX_HEADER = "ControllingSource/ControllingSource-Prefix.pch";
				INFOPLIST_FILE = "ControllingSource/ControllingSource-Info.plist";
				PRODUCT_NAME = "$(TARGET_NAME)";
				WRAPPER_EXTENSION = app;
			};
			name = Debug;
		};
		833C1DC819417011009AE471 /* Release */ = {
			isa = XCBuildConfiguration;
			buildSettings = {
				ASSETCATALOG_COMPILER_APPICON_NAME = AppIcon;
				ASSETCATALOG_COMPILER_LAUNCHIMAGE_NAME = LaunchImage;
				GCC_PRECOMPILE_PREFIX_HEADER = YES;
				GCC_PREFIX_HEADER = "ControllingSource/ControllingSource-Prefix.pch";
				INFOPLIST_FILE = "ControllingSource/ControllingSource-Info.plist";
				PRODUCT_NAME = "$(TARGET_NAME)";
				WRAPPER_EXTENSION = app;
			};
			name = Release;
		};
		833C1DCA19417011009AE471 /* Debug */ = {
			isa = XCBuildConfiguration;
			buildSettings = {
				BUNDLE_LOADER = "$(BUILT_PRODUCTS_DIR)/ControllingSource.app/ControllingSource";
				FRAMEWORK_SEARCH_PATHS = (
					"$(SDKROOT)/Developer/Library/Frameworks",
					"$(inherited)",
					"$(DEVELOPER_FRAMEWORKS_DIR)",
				);
				GCC_PRECOMPILE_PREFIX_HEADER = YES;
				GCC_PREFIX_HEADER = "ControllingSource/ControllingSource-Prefix.pch";
				GCC_PREPROCESSOR_DEFINITIONS = (
					"DEBUG=1",
					"$(inherited)",
				);
				INFOPLIST_FILE = "ControllingSourceTests/ControllingSourceTests-Info.plist";
				PRODUCT_NAME = "$(TARGET_NAME)";
				TEST_HOST = "$(BUNDLE_LOADER)";
				WRAPPER_EXTENSION = xctest;
			};
			name = Debug;
		};
		833C1DCB19417011009AE471 /* Release */ = {
			isa = XCBuildConfiguration;
			buildSettings = {
				BUNDLE_LOADER = "$(BUILT_PRODUCTS_DIR)/ControllingSource.app/ControllingSource";
				FRAMEWORK_SEARCH_PATHS = (
					"$(SDKROOT)/Developer/Library/Frameworks",
					"$(inherited)",
					"$(DEVELOPER_FRAMEWORKS_DIR)",
				);
				GCC_PRECOMPILE_PREFIX_HEADER = YES;
				GCC_PREFIX_HEADER = "ControllingSource/ControllingSource-Prefix.pch";
				INFOPLIST_FILE = "ControllingSourceTests/ControllingSourceTests-Info.plist";
				PRODUCT_NAME = "$(TARGET_NAME)";
				TEST_HOST = "$(BUNDLE_LOADER)";
				WRAPPER_EXTENSION = xctest;
			};
			name = Release;
		};
/* End XCBuildConfiguration section */

/* Begin XCConfigurationList section */
		833C1D8619417011009AE471 /* Build configuration list for PBXProject "ControllingSource" */ = {
			isa = XCConfigurationList;
			buildConfigurations = (
				833C1DC419417011009AE471 /* Debug */,
				833C1DC519417011009AE471 /* Release */,
			);
			defaultConfigurationIsVisible = 0;
			defaultConfigurationName = Release;
		};
		833C1DC619417011009AE471 /* Build configuration list for PBXNativeTarget "ControllingSource" */ = {
			isa = XCConfigurationList;
			buildConfigurations = (
				833C1DC719417011009AE471 /* Debug */,
				833C1DC819417011009AE471 /* Release */,
			);
			defaultConfigurationIsVisible = 0;
			defaultConfigurationName = Release;
		};
		833C1DC919417011009AE471 /* Build configuration list for PBXNativeTarget "ControllingSourceTests" */ = {
			isa = XCConfigurationList;
			buildConfigurations = (
				833C1DCA19417011009AE471 /* Debug */,
				833C1DCB19417011009AE471 /* Release */,
			);
			defaultConfigurationIsVisible = 0;
			defaultConfigurationName = Release;
		};
/* End XCConfigurationList section */

/* Begin XCVersionGroup section */
		833C1DA519417011009AE471 /* ControllingSource.xcdatamodeld */ = {
			isa = XCVersionGroup;
			children = (
				833C1DA619417011009AE471 /* ControllingSource.xcdatamodel */,
			);
			currentVersion = 833C1DA619417011009AE471 /* ControllingSource.xcdatamodel */;
			path = ControllingSource.xcdatamodeld;
			sourceTree = "<group>";
			versionGroupType = wrapper.xcdatamodel;
		};
/* End XCVersionGroup section */
	};
	rootObject = 833C1D8319417011009AE471 /* Project object */;
}
